// !$*UTF8*$!
{
	archiveVersion = 1;
	classes = {
	};
	objectVersion = 46;
	objects = {

/* Begin PBXBuildFile section */
		7F7B4242B3ADC365C45D5137 /* Pods_App_GaritosMadrid.framework in Frameworks */ = {isa = PBXBuildFile; fileRef = A51FBBC17D4E4C672A44AAE0 /* Pods_App_GaritosMadrid.framework */; };
		8B3549811E72FA7D00203441 /* Podfile in Resources */ = {isa = PBXBuildFile; fileRef = 8B3549801E72FA7D00203441 /* Podfile */; };
		8B3549831E73018D00203441 /* APIUTILS.swift in Sources */ = {isa = PBXBuildFile; fileRef = 8B3549821E73018D00203441 /* APIUTILS.swift */; };
		8B3549851E73051A00203441 /* APIHELPERS.swift in Sources */ = {isa = PBXBuildFile; fileRef = 8B3549841E73051A00203441 /* APIHELPERS.swift */; };
		8B35498B1E73057200203441 /* Alamofire.framework in Frameworks */ = {isa = PBXBuildFile; fileRef = 8B3549861E73057200203441 /* Alamofire.framework */; };
		8B35498C1E73057200203441 /* Kingfisher.framework in Frameworks */ = {isa = PBXBuildFile; fileRef = 8B3549871E73057200203441 /* Kingfisher.framework */; };
		8B35498D1E73057200203441 /* PKHUD.framework in Frameworks */ = {isa = PBXBuildFile; fileRef = 8B3549881E73057200203441 /* PKHUD.framework */; };
		8B35498E1E73057200203441 /* PromiseKit.framework in Frameworks */ = {isa = PBXBuildFile; fileRef = 8B3549891E73057200203441 /* PromiseKit.framework */; };
		8B35498F1E73057200203441 /* SwiftyJSON.framework in Frameworks */ = {isa = PBXBuildFile; fileRef = 8B35498A1E73057200203441 /* SwiftyJSON.framework */; };
		8B3549921E73090F00203441 /* GMPhotosModel.swift in Sources */ = {isa = PBXBuildFile; fileRef = 8B3549911E73090F00203441 /* GMPhotosModel.swift */; };
		8B3549951E730A5A00203441 /* GMParserPhotosData.swift in Sources */ = {isa = PBXBuildFile; fileRef = 8B3549941E730A5A00203441 /* GMParserPhotosData.swift */; };
		8B3549991E73139C00203441 /* GMListaPhotosTableViewController.swift in Sources */ = {isa = PBXBuildFile; fileRef = 8B3549981E73139C00203441 /* GMListaPhotosTableViewController.swift */; };
		8B35499C1E7313D700203441 /* GMDetallePhotoCustomCell.swift in Sources */ = {isa = PBXBuildFile; fileRef = 8B35499A1E7313D700203441 /* GMDetallePhotoCustomCell.swift */; };
		8B35499D1E7313D700203441 /* GMDetallePhotoCustomCell.xib in Resources */ = {isa = PBXBuildFile; fileRef = 8B35499B1E7313D700203441 /* GMDetallePhotoCustomCell.xib */; };
		8B4DDFB61E60C101004EFEE7 /* AppDelegate.swift in Sources */ = {isa = PBXBuildFile; fileRef = 8B4DDFB51E60C101004EFEE7 /* AppDelegate.swift */; };
		8B4DDFB81E60C101004EFEE7 /* CurrentViewController.swift in Sources */ = {isa = PBXBuildFile; fileRef = 8B4DDFB71E60C101004EFEE7 /* CurrentViewController.swift */; };
		8B4DDFBB1E60C101004EFEE7 /* Main.storyboard in Resources */ = {isa = PBXBuildFile; fileRef = 8B4DDFB91E60C101004EFEE7 /* Main.storyboard */; };
		8B4DDFBD1E60C101004EFEE7 /* Assets.xcassets in Resources */ = {isa = PBXBuildFile; fileRef = 8B4DDFBC1E60C101004EFEE7 /* Assets.xcassets */; };
		8B4DDFC01E60C101004EFEE7 /* LaunchScreen.storyboard in Resources */ = {isa = PBXBuildFile; fileRef = 8B4DDFBE1E60C101004EFEE7 /* LaunchScreen.storyboard */; };
		8B4DDFCB1E60CF7D004EFEE7 /* SWRevealViewController.m in Sources */ = {isa = PBXBuildFile; fileRef = 8B4DDFCA1E60CF7D004EFEE7 /* SWRevealViewController.m */; };
		8B9611091E8587A300E69037 /* GMGaritoModel.swift in Sources */ = {isa = PBXBuildFile; fileRef = 8B9611081E8587A300E69037 /* GMGaritoModel.swift */; };
		8BE61F251E733A2B00DF8867 /* GMComicsPostersModel.swift in Sources */ = {isa = PBXBuildFile; fileRef = 8BE61F241E733A2B00DF8867 /* GMComicsPostersModel.swift */; };
		8BE61F271E733AF400DF8867 /* GMParserPosterData.swift in Sources */ = {isa = PBXBuildFile; fileRef = 8BE61F261E733AF400DF8867 /* GMParserPosterData.swift */; };
		8BE61F2A1E733DFC00DF8867 /* GMListaPostersTableViewController.swift in Sources */ = {isa = PBXBuildFile; fileRef = 8BE61F291E733DFC00DF8867 /* GMListaPostersTableViewController.swift */; };
		8BE61F2D1E733E1200DF8867 /* GMDetallePosterCustomCell.swift in Sources */ = {isa = PBXBuildFile; fileRef = 8BE61F2B1E733E1200DF8867 /* GMDetallePosterCustomCell.swift */; };
		8BE61F2E1E733E1200DF8867 /* GMDetallePosterCustomCell.xib in Resources */ = {isa = PBXBuildFile; fileRef = 8BE61F2C1E733E1200DF8867 /* GMDetallePosterCustomCell.xib */; };
/* End PBXBuildFile section */

/* Begin PBXFileReference section */
		0E28DE38E12280689DCC3894 /* Pods-App_GaritosMadrid.release.xcconfig */ = {isa = PBXFileReference; includeInIndex = 1; lastKnownFileType = text.xcconfig; name = "Pods-App_GaritosMadrid.release.xcconfig"; path = "Pods/Target Support Files/Pods-App_GaritosMadrid/Pods-App_GaritosMadrid.release.xcconfig"; sourceTree = "<group>"; };
		2E991364F70DBEB88A1D9E4F /* Pods-App_GaritosMadrid.debug.xcconfig */ = {isa = PBXFileReference; includeInIndex = 1; lastKnownFileType = text.xcconfig; name = "Pods-App_GaritosMadrid.debug.xcconfig"; path = "Pods/Target Support Files/Pods-App_GaritosMadrid/Pods-App_GaritosMadrid.debug.xcconfig"; sourceTree = "<group>"; };
		8B3549801E72FA7D00203441 /* Podfile */ = {isa = PBXFileReference; fileEncoding = 4; lastKnownFileType = text; path = Podfile; sourceTree = "<group>"; xcLanguageSpecificationIdentifier = xcode.lang.ruby; };
		8B3549821E73018D00203441 /* APIUTILS.swift */ = {isa = PBXFileReference; fileEncoding = 4; lastKnownFileType = sourcecode.swift; path = APIUTILS.swift; sourceTree = "<group>"; };
		8B3549841E73051A00203441 /* APIHELPERS.swift */ = {isa = PBXFileReference; fileEncoding = 4; lastKnownFileType = sourcecode.swift; path = APIHELPERS.swift; sourceTree = "<group>"; };
		8B3549861E73057200203441 /* Alamofire.framework */ = {isa = PBXFileReference; lastKnownFileType = wrapper.framework; name = Alamofire.framework; path = "../../../../../../Users/cice/Library/Developer/Xcode/DerivedData/App_GaritosMadrid-cayoilrwnifqxebdrmaixlbcokza/Build/Products/Debug-iphonesimulator/Alamofire/Alamofire.framework"; sourceTree = "<group>"; };
		8B3549871E73057200203441 /* Kingfisher.framework */ = {isa = PBXFileReference; lastKnownFileType = wrapper.framework; name = Kingfisher.framework; path = "../../../../../../Users/cice/Library/Developer/Xcode/DerivedData/App_GaritosMadrid-cayoilrwnifqxebdrmaixlbcokza/Build/Products/Debug-iphonesimulator/Kingfisher/Kingfisher.framework"; sourceTree = "<group>"; };
		8B3549881E73057200203441 /* PKHUD.framework */ = {isa = PBXFileReference; lastKnownFileType = wrapper.framework; name = PKHUD.framework; path = "../../../../../../Users/cice/Library/Developer/Xcode/DerivedData/App_GaritosMadrid-cayoilrwnifqxebdrmaixlbcokza/Build/Products/Debug-iphonesimulator/PKHUD/PKHUD.framework"; sourceTree = "<group>"; };
		8B3549891E73057200203441 /* PromiseKit.framework */ = {isa = PBXFileReference; lastKnownFileType = wrapper.framework; name = PromiseKit.framework; path = "../../../../../../Users/cice/Library/Developer/Xcode/DerivedData/App_GaritosMadrid-cayoilrwnifqxebdrmaixlbcokza/Build/Products/Debug-iphonesimulator/PromiseKit/PromiseKit.framework"; sourceTree = "<group>"; };
		8B35498A1E73057200203441 /* SwiftyJSON.framework */ = {isa = PBXFileReference; lastKnownFileType = wrapper.framework; name = SwiftyJSON.framework; path = "../../../../../../Users/cice/Library/Developer/Xcode/DerivedData/App_GaritosMadrid-cayoilrwnifqxebdrmaixlbcokza/Build/Products/Debug-iphonesimulator/SwiftyJSON/SwiftyJSON.framework"; sourceTree = "<group>"; };
		8B3549911E73090F00203441 /* GMPhotosModel.swift */ = {isa = PBXFileReference; fileEncoding = 4; lastKnownFileType = sourcecode.swift; path = GMPhotosModel.swift; sourceTree = "<group>"; };
		8B3549941E730A5A00203441 /* GMParserPhotosData.swift */ = {isa = PBXFileReference; fileEncoding = 4; lastKnownFileType = sourcecode.swift; path = GMParserPhotosData.swift; sourceTree = "<group>"; };
		8B3549981E73139C00203441 /* GMListaPhotosTableViewController.swift */ = {isa = PBXFileReference; fileEncoding = 4; lastKnownFileType = sourcecode.swift; path = GMListaPhotosTableViewController.swift; sourceTree = "<group>"; };
		8B35499A1E7313D700203441 /* GMDetallePhotoCustomCell.swift */ = {isa = PBXFileReference; fileEncoding = 4; lastKnownFileType = sourcecode.swift; path = GMDetallePhotoCustomCell.swift; sourceTree = "<group>"; };
		8B35499B1E7313D700203441 /* GMDetallePhotoCustomCell.xib */ = {isa = PBXFileReference; fileEncoding = 4; lastKnownFileType = file.xib; path = GMDetallePhotoCustomCell.xib; sourceTree = "<group>"; };
		8B4DDFB21E60C101004EFEE7 /* App_GaritosMadrid.app */ = {isa = PBXFileReference; explicitFileType = wrapper.application; includeInIndex = 0; path = App_GaritosMadrid.app; sourceTree = BUILT_PRODUCTS_DIR; };
		8B4DDFB51E60C101004EFEE7 /* AppDelegate.swift */ = {isa = PBXFileReference; lastKnownFileType = sourcecode.swift; path = AppDelegate.swift; sourceTree = "<group>"; };
		8B4DDFB71E60C101004EFEE7 /* CurrentViewController.swift */ = {isa = PBXFileReference; lastKnownFileType = sourcecode.swift; path = CurrentViewController.swift; sourceTree = "<group>"; };
		8B4DDFBA1E60C101004EFEE7 /* Base */ = {isa = PBXFileReference; lastKnownFileType = file.storyboard; name = Base; path = Base.lproj/Main.storyboard; sourceTree = "<group>"; };
		8B4DDFBC1E60C101004EFEE7 /* Assets.xcassets */ = {isa = PBXFileReference; lastKnownFileType = folder.assetcatalog; path = Assets.xcassets; sourceTree = "<group>"; };
		8B4DDFBF1E60C101004EFEE7 /* Base */ = {isa = PBXFileReference; lastKnownFileType = file.storyboard; name = Base; path = Base.lproj/LaunchScreen.storyboard; sourceTree = "<group>"; };
		8B4DDFC11E60C101004EFEE7 /* Info.plist */ = {isa = PBXFileReference; lastKnownFileType = text.plist.xml; path = Info.plist; sourceTree = "<group>"; };
		8B4DDFC81E60CF7C004EFEE7 /* App_GaritosMadrid-Bridging-Header.h */ = {isa = PBXFileReference; lastKnownFileType = sourcecode.c.h; path = "App_GaritosMadrid-Bridging-Header.h"; sourceTree = "<group>"; };
		8B4DDFC91E60CF7D004EFEE7 /* SWRevealViewController.h */ = {isa = PBXFileReference; fileEncoding = 4; lastKnownFileType = sourcecode.c.h; path = SWRevealViewController.h; sourceTree = "<group>"; };
		8B4DDFCA1E60CF7D004EFEE7 /* SWRevealViewController.m */ = {isa = PBXFileReference; fileEncoding = 4; lastKnownFileType = sourcecode.c.objc; path = SWRevealViewController.m; sourceTree = "<group>"; };
		8B9611081E8587A300E69037 /* GMGaritoModel.swift */ = {isa = PBXFileReference; fileEncoding = 4; lastKnownFileType = sourcecode.swift; path = GMGaritoModel.swift; sourceTree = "<group>"; };
		8BE61F241E733A2B00DF8867 /* GMComicsPostersModel.swift */ = {isa = PBXFileReference; fileEncoding = 4; lastKnownFileType = sourcecode.swift; path = GMComicsPostersModel.swift; sourceTree = "<group>"; };
		8BE61F261E733AF400DF8867 /* GMParserPosterData.swift */ = {isa = PBXFileReference; fileEncoding = 4; lastKnownFileType = sourcecode.swift; path = GMParserPosterData.swift; sourceTree = "<group>"; };
		8BE61F291E733DFC00DF8867 /* GMListaPostersTableViewController.swift */ = {isa = PBXFileReference; fileEncoding = 4; lastKnownFileType = sourcecode.swift; path = GMListaPostersTableViewController.swift; sourceTree = "<group>"; };
		8BE61F2B1E733E1200DF8867 /* GMDetallePosterCustomCell.swift */ = {isa = PBXFileReference; fileEncoding = 4; lastKnownFileType = sourcecode.swift; path = GMDetallePosterCustomCell.swift; sourceTree = "<group>"; };
		8BE61F2C1E733E1200DF8867 /* GMDetallePosterCustomCell.xib */ = {isa = PBXFileReference; fileEncoding = 4; lastKnownFileType = file.xib; path = GMDetallePosterCustomCell.xib; sourceTree = "<group>"; };
		A51FBBC17D4E4C672A44AAE0 /* Pods_App_GaritosMadrid.framework */ = {isa = PBXFileReference; explicitFileType = wrapper.framework; includeInIndex = 0; path = Pods_App_GaritosMadrid.framework; sourceTree = BUILT_PRODUCTS_DIR; };
/* End PBXFileReference section */

/* Begin PBXFrameworksBuildPhase section */
		8B4DDFAF1E60C101004EFEE7 /* Frameworks */ = {
			isa = PBXFrameworksBuildPhase;
			buildActionMask = 2147483647;
			files = (
				8B35498B1E73057200203441 /* Alamofire.framework in Frameworks */,
				8B35498C1E73057200203441 /* Kingfisher.framework in Frameworks */,
				8B35498D1E73057200203441 /* PKHUD.framework in Frameworks */,
				8B35498E1E73057200203441 /* PromiseKit.framework in Frameworks */,
				8B35498F1E73057200203441 /* SwiftyJSON.framework in Frameworks */,
				7F7B4242B3ADC365C45D5137 /* Pods_App_GaritosMadrid.framework in Frameworks */,
			);
			runOnlyForDeploymentPostprocessing = 0;
		};
/* End PBXFrameworksBuildPhase section */

/* Begin PBXGroup section */
		734FCE41F9F21DD7A455DBC2 /* Frameworks */ = {
			isa = PBXGroup;
			children = (
				8B3549861E73057200203441 /* Alamofire.framework */,
				8B3549871E73057200203441 /* Kingfisher.framework */,
				8B3549881E73057200203441 /* PKHUD.framework */,
				8B3549891E73057200203441 /* PromiseKit.framework */,
				8B35498A1E73057200203441 /* SwiftyJSON.framework */,
				A51FBBC17D4E4C672A44AAE0 /* Pods_App_GaritosMadrid.framework */,
			);
			name = Frameworks;
			sourceTree = "<group>";
		};
		8B3549901E73088900203441 /* API */ = {
			isa = PBXGroup;
			children = (
				8B3549821E73018D00203441 /* APIUTILS.swift */,
				8B3549841E73051A00203441 /* APIHELPERS.swift */,
			);
			name = API;
			sourceTree = "<group>";
		};
		8B3549931E73091A00203441 /* MODELS */ = {
			isa = PBXGroup;
			children = (
				8B3549911E73090F00203441 /* GMPhotosModel.swift */,
				8BE61F241E733A2B00DF8867 /* GMComicsPostersModel.swift */,
				8B9611081E8587A300E69037 /* GMGaritoModel.swift */,
			);
			name = MODELS;
			sourceTree = "<group>";
		};
		8B3549961E730A6300203441 /* PARSERS */ = {
			isa = PBXGroup;
			children = (
				8B3549941E730A5A00203441 /* GMParserPhotosData.swift */,
				8BE61F261E733AF400DF8867 /* GMParserPosterData.swift */,
			);
			name = PARSERS;
			sourceTree = "<group>";
		};
		8B3549971E73137A00203441 /* VIEWS_CONTROLLERS */ = {
			isa = PBXGroup;
			children = (
				8B4DDFB71E60C101004EFEE7 /* CurrentViewController.swift */,
				8BE61F2F1E733E1A00DF8867 /* VC_POSTERS */,
				8BE61F281E733DD600DF8867 /* VC_PHOTOS */,
			);
			name = VIEWS_CONTROLLERS;
			sourceTree = "<group>";
		};
		8B4DDFA91E60C101004EFEE7 = {
			isa = PBXGroup;
			children = (
				8B3549801E72FA7D00203441 /* Podfile */,
				8B4DDFB41E60C101004EFEE7 /* App_GaritosMadrid */,
				8B4DDFB31E60C101004EFEE7 /* Products */,
				AE7C5859EE5B0FE03EA6CE82 /* Pods */,
				734FCE41F9F21DD7A455DBC2 /* Frameworks */,
			);
			sourceTree = "<group>";
		};
		8B4DDFB31E60C101004EFEE7 /* Products */ = {
			isa = PBXGroup;
			children = (
				8B4DDFB21E60C101004EFEE7 /* App_GaritosMadrid.app */,
			);
			name = Products;
			sourceTree = "<group>";
		};
		8B4DDFB41E60C101004EFEE7 /* App_GaritosMadrid */ = {
			isa = PBXGroup;
			children = (
				8B4DDFB51E60C101004EFEE7 /* AppDelegate.swift */,
				8B3549961E730A6300203441 /* PARSERS */,
				8B3549931E73091A00203441 /* MODELS */,
				8B3549901E73088900203441 /* API */,
				8B3549971E73137A00203441 /* VIEWS_CONTROLLERS */,
				8B4DDFC71E60CEC1004EFEE7 /* OBJ-C */,
				8B4DDFB91E60C101004EFEE7 /* Main.storyboard */,
				8B4DDFBC1E60C101004EFEE7 /* Assets.xcassets */,
				8B4DDFBE1E60C101004EFEE7 /* LaunchScreen.storyboard */,
				8B4DDFC11E60C101004EFEE7 /* Info.plist */,
			);
			path = App_GaritosMadrid;
			sourceTree = "<group>";
		};
		8B4DDFC71E60CEC1004EFEE7 /* OBJ-C */ = {
			isa = PBXGroup;
			children = (
				8B4DDFC91E60CF7D004EFEE7 /* SWRevealViewController.h */,
				8B4DDFCA1E60CF7D004EFEE7 /* SWRevealViewController.m */,
				8B4DDFC81E60CF7C004EFEE7 /* App_GaritosMadrid-Bridging-Header.h */,
			);
			name = "OBJ-C";
			sourceTree = "<group>";
		};
		8BE61F281E733DD600DF8867 /* VC_PHOTOS */ = {
			isa = PBXGroup;
			children = (
				8B3549981E73139C00203441 /* GMListaPhotosTableViewController.swift */,
				8B35499A1E7313D700203441 /* GMDetallePhotoCustomCell.swift */,
				8B35499B1E7313D700203441 /* GMDetallePhotoCustomCell.xib */,
			);
			name = VC_PHOTOS;
			sourceTree = "<group>";
		};
		8BE61F2F1E733E1A00DF8867 /* VC_POSTERS */ = {
			isa = PBXGroup;
			children = (
				8BE61F291E733DFC00DF8867 /* GMListaPostersTableViewController.swift */,
				8BE61F2B1E733E1200DF8867 /* GMDetallePosterCustomCell.swift */,
				8BE61F2C1E733E1200DF8867 /* GMDetallePosterCustomCell.xib */,
			);
			name = VC_POSTERS;
			sourceTree = "<group>";
		};
		AE7C5859EE5B0FE03EA6CE82 /* Pods */ = {
			isa = PBXGroup;
			children = (
				2E991364F70DBEB88A1D9E4F /* Pods-App_GaritosMadrid.debug.xcconfig */,
				0E28DE38E12280689DCC3894 /* Pods-App_GaritosMadrid.release.xcconfig */,
			);
			name = Pods;
			sourceTree = "<group>";
		};
/* End PBXGroup section */

/* Begin PBXNativeTarget section */
		8B4DDFB11E60C101004EFEE7 /* App_GaritosMadrid */ = {
			isa = PBXNativeTarget;
			buildConfigurationList = 8B4DDFC41E60C101004EFEE7 /* Build configuration list for PBXNativeTarget "App_GaritosMadrid" */;
			buildPhases = (
				4DC662F1091F07BC21D3C048 /* [CP] Check Pods Manifest.lock */,
				8B4DDFAE1E60C101004EFEE7 /* Sources */,
				8B4DDFAF1E60C101004EFEE7 /* Frameworks */,
				8B4DDFB01E60C101004EFEE7 /* Resources */,
				0395F0DE4E56E32B9E3B22DF /* [CP] Embed Pods Frameworks */,
				AC93A1598C1B57E2088A0871 /* [CP] Copy Pods Resources */,
			);
			buildRules = (
			);
			dependencies = (
			);
			name = App_GaritosMadrid;
			productName = App_GaritosMadrid;
			productReference = 8B4DDFB21E60C101004EFEE7 /* App_GaritosMadrid.app */;
			productType = "com.apple.product-type.application";
		};
/* End PBXNativeTarget section */

/* Begin PBXProject section */
		8B4DDFAA1E60C101004EFEE7 /* Project object */ = {
			isa = PBXProject;
			attributes = {
				LastSwiftUpdateCheck = 0820;
				LastUpgradeCheck = 0820;
				ORGANIZATIONNAME = formador;
				TargetAttributes = {
					8B4DDFB11E60C101004EFEE7 = {
						CreatedOnToolsVersion = 8.2.1;
						LastSwiftMigration = 0820;
						ProvisioningStyle = Automatic;
					};
				};
			};
			buildConfigurationList = 8B4DDFAD1E60C101004EFEE7 /* Build configuration list for PBXProject "App_GaritosMadrid" */;
			compatibilityVersion = "Xcode 3.2";
			developmentRegion = English;
			hasScannedForEncodings = 0;
			knownRegions = (
				en,
				Base,
			);
			mainGroup = 8B4DDFA91E60C101004EFEE7;
			productRefGroup = 8B4DDFB31E60C101004EFEE7 /* Products */;
			projectDirPath = "";
			projectRoot = "";
			targets = (
				8B4DDFB11E60C101004EFEE7 /* App_GaritosMadrid */,
			);
		};
/* End PBXProject section */

/* Begin PBXResourcesBuildPhase section */
		8B4DDFB01E60C101004EFEE7 /* Resources */ = {
			isa = PBXResourcesBuildPhase;
			buildActionMask = 2147483647;
			files = (
				8B4DDFC01E60C101004EFEE7 /* LaunchScreen.storyboard in Resources */,
				8BE61F2E1E733E1200DF8867 /* GMDetallePosterCustomCell.xib in Resources */,
				8B35499D1E7313D700203441 /* GMDetallePhotoCustomCell.xib in Resources */,
				8B4DDFBD1E60C101004EFEE7 /* Assets.xcassets in Resources */,
				8B3549811E72FA7D00203441 /* Podfile in Resources */,
				8B4DDFBB1E60C101004EFEE7 /* Main.storyboard in Resources */,
			);
			runOnlyForDeploymentPostprocessing = 0;
		};
/* End PBXResourcesBuildPhase section */

/* Begin PBXShellScriptBuildPhase section */
		0395F0DE4E56E32B9E3B22DF /* [CP] Embed Pods Frameworks */ = {
			isa = PBXShellScriptBuildPhase;
			buildActionMask = 2147483647;
			files = (
			);
			inputPaths = (
			);
			name = "[CP] Embed Pods Frameworks";
			outputPaths = (
			);
			runOnlyForDeploymentPostprocessing = 0;
			shellPath = /bin/sh;
			shellScript = "\"${SRCROOT}/Pods/Target Support Files/Pods-App_GaritosMadrid/Pods-App_GaritosMadrid-frameworks.sh\"\n";
			showEnvVarsInLog = 0;
		};
		4DC662F1091F07BC21D3C048 /* [CP] Check Pods Manifest.lock */ = {
			isa = PBXShellScriptBuildPhase;
			buildActionMask = 2147483647;
			files = (
			);
			inputPaths = (
			);
			name = "[CP] Check Pods Manifest.lock";
			outputPaths = (
			);
			runOnlyForDeploymentPostprocessing = 0;
			shellPath = /bin/sh;
			shellScript = "diff \"${PODS_ROOT}/../Podfile.lock\" \"${PODS_ROOT}/Manifest.lock\" > /dev/null\nif [ $? != 0 ] ; then\n    # print error to STDERR\n    echo \"error: The sandbox is not in sync with the Podfile.lock. Run 'pod install' or update your CocoaPods installation.\" >&2\n    exit 1\nfi\n";
			showEnvVarsInLog = 0;
		};
		AC93A1598C1B57E2088A0871 /* [CP] Copy Pods Resources */ = {
			isa = PBXShellScriptBuildPhase;
			buildActionMask = 2147483647;
			files = (
			);
			inputPaths = (
			);
			name = "[CP] Copy Pods Resources";
			outputPaths = (
			);
			runOnlyForDeploymentPostprocessing = 0;
			shellPath = /bin/sh;
			shellScript = "\"${SRCROOT}/Pods/Target Support Files/Pods-App_GaritosMadrid/Pods-App_GaritosMadrid-resources.sh\"\n";
			showEnvVarsInLog = 0;
		};
/* End PBXShellScriptBuildPhase section */

/* Begin PBXSourcesBuildPhase section */
		8B4DDFAE1E60C101004EFEE7 /* Sources */ = {
			isa = PBXSourcesBuildPhase;
			buildActionMask = 2147483647;
			files = (
				8B3549921E73090F00203441 /* GMPhotosModel.swift in Sources */,
				8BE61F2D1E733E1200DF8867 /* GMDetallePosterCustomCell.swift in Sources */,
				8B3549831E73018D00203441 /* APIUTILS.swift in Sources */,
				8B9611091E8587A300E69037 /* GMGaritoModel.swift in Sources */,
				8B35499C1E7313D700203441 /* GMDetallePhotoCustomCell.swift in Sources */,
				8B4DDFB81E60C101004EFEE7 /* CurrentViewController.swift in Sources */,
				8BE61F251E733A2B00DF8867 /* GMComicsPostersModel.swift in Sources */,
				8BE61F271E733AF400DF8867 /* GMParserPosterData.swift in Sources */,
				8BE61F2A1E733DFC00DF8867 /* GMListaPostersTableViewController.swift in Sources */,
				8B3549851E73051A00203441 /* APIHELPERS.swift in Sources */,
				8B4DDFB61E60C101004EFEE7 /* AppDelegate.swift in Sources */,
				8B3549951E730A5A00203441 /* GMParserPhotosData.swift in Sources */,
				8B3549991E73139C00203441 /* GMListaPhotosTableViewController.swift in Sources */,
				8B4DDFCB1E60CF7D004EFEE7 /* SWRevealViewController.m in Sources */,
			);
			runOnlyForDeploymentPostprocessing = 0;
		};
/* End PBXSourcesBuildPhase section */

/* Begin PBXVariantGroup section */
		8B4DDFB91E60C101004EFEE7 /* Main.storyboard */ = {
			isa = PBXVariantGroup;
			children = (
				8B4DDFBA1E60C101004EFEE7 /* Base */,
			);
			name = Main.storyboard;
			sourceTree = "<group>";
		};
		8B4DDFBE1E60C101004EFEE7 /* LaunchScreen.storyboard */ = {
			isa = PBXVariantGroup;
			children = (
				8B4DDFBF1E60C101004EFEE7 /* Base */,
			);
			name = LaunchScreen.storyboard;
			sourceTree = "<group>";
		};
/* End PBXVariantGroup section */

/* Begin XCBuildConfiguration section */
		8B4DDFC21E60C101004EFEE7 /* Debug */ = {
			isa = XCBuildConfiguration;
			buildSettings = {
				ALWAYS_SEARCH_USER_PATHS = NO;
				CLANG_ANALYZER_NONNULL = YES;
				CLANG_CXX_LANGUAGE_STANDARD = "gnu++0x";
				CLANG_CXX_LIBRARY = "libc++";
				CLANG_ENABLE_MODULES = YES;
				CLANG_ENABLE_OBJC_ARC = YES;
				CLANG_WARN_BOOL_CONVERSION = YES;
				CLANG_WARN_CONSTANT_CONVERSION = YES;
				CLANG_WARN_DIRECT_OBJC_ISA_USAGE = YES_ERROR;
				CLANG_WARN_DOCUMENTATION_COMMENTS = YES;
				CLANG_WARN_EMPTY_BODY = YES;
				CLANG_WARN_ENUM_CONVERSION = YES;
				CLANG_WARN_INFINITE_RECURSION = YES;
				CLANG_WARN_INT_CONVERSION = YES;
				CLANG_WARN_OBJC_ROOT_CLASS = YES_ERROR;
				CLANG_WARN_SUSPICIOUS_MOVE = YES;
				CLANG_WARN_UNREACHABLE_CODE = YES;
				CLANG_WARN__DUPLICATE_METHOD_MATCH = YES;
				"CODE_SIGN_IDENTITY[sdk=iphoneos*]" = "iPhone Developer";
				COPY_PHASE_STRIP = NO;
				DEBUG_INFORMATION_FORMAT = dwarf;
				ENABLE_STRICT_OBJC_MSGSEND = YES;
				ENABLE_TESTABILITY = YES;
				GCC_C_LANGUAGE_STANDARD = gnu99;
				GCC_DYNAMIC_NO_PIC = NO;
				GCC_NO_COMMON_BLOCKS = YES;
				GCC_OPTIMIZATION_LEVEL = 0;
				GCC_PREPROCESSOR_DEFINITIONS = (
					"DEBUG=1",
					"$(inherited)",
				);
				GCC_WARN_64_TO_32_BIT_CONVERSION = YES;
				GCC_WARN_ABOUT_RETURN_TYPE = YES_ERROR;
				GCC_WARN_UNDECLARED_SELECTOR = YES;
				GCC_WARN_UNINITIALIZED_AUTOS = YES_AGGRESSIVE;
				GCC_WARN_UNUSED_FUNCTION = YES;
				GCC_WARN_UNUSED_VARIABLE = YES;
				IPHONEOS_DEPLOYMENT_TARGET = 10.2;
				MTL_ENABLE_DEBUG_INFO = YES;
				ONLY_ACTIVE_ARCH = YES;
				SDKROOT = iphoneos;
				SWIFT_ACTIVE_COMPILATION_CONDITIONS = DEBUG;
				SWIFT_OPTIMIZATION_LEVEL = "-Onone";
			};
			name = Debug;
		};
		8B4DDFC31E60C101004EFEE7 /* Release */ = {
			isa = XCBuildConfiguration;
			buildSettings = {
				ALWAYS_SEARCH_USER_PATHS = NO;
				CLANG_ANALYZER_NONNULL = YES;
				CLANG_CXX_LANGUAGE_STANDARD = "gnu++0x";
				CLANG_CXX_LIBRARY = "libc++";
				CLANG_ENABLE_MODULES = YES;
				CLANG_ENABLE_OBJC_ARC = YES;
				CLANG_WARN_BOOL_CONVERSION = YES;
				CLANG_WARN_CONSTANT_CONVERSION = YES;
				CLANG_WARN_DIRECT_OBJC_ISA_USAGE = YES_ERROR;
				CLANG_WARN_DOCUMENTATION_COMMENTS = YES;
				CLANG_WARN_EMPTY_BODY = YES;
				CLANG_WARN_ENUM_CONVERSION = YES;
				CLANG_WARN_INFINITE_RECURSION = YES;
				CLANG_WARN_INT_CONVERSION = YES;
				CLANG_WARN_OBJC_ROOT_CLASS = YES_ERROR;
				CLANG_WARN_SUSPICIOUS_MOVE = YES;
				CLANG_WARN_UNREACHABLE_CODE = YES;
				CLANG_WARN__DUPLICATE_METHOD_MATCH = YES;
				"CODE_SIGN_IDENTITY[sdk=iphoneos*]" = "iPhone Developer";
				COPY_PHASE_STRIP = NO;
				DEBUG_INFORMATION_FORMAT = "dwarf-with-dsym";
				ENABLE_NS_ASSERTIONS = NO;
				ENABLE_STRICT_OBJC_MSGSEND = YES;
				GCC_C_LANGUAGE_STANDARD = gnu99;
				GCC_NO_COMMON_BLOCKS = YES;
				GCC_WARN_64_TO_32_BIT_CONVERSION = YES;
				GCC_WARN_ABOUT_RETURN_TYPE = YES_ERROR;
				GCC_WARN_UNDECLARED_SELECTOR = YES;
				GCC_WARN_UNINITIALIZED_AUTOS = YES_AGGRESSIVE;
				GCC_WARN_UNUSED_FUNCTION = YES;
				GCC_WARN_UNUSED_VARIABLE = YES;
				IPHONEOS_DEPLOYMENT_TARGET = 10.2;
				MTL_ENABLE_DEBUG_INFO = NO;
				SDKROOT = iphoneos;
				SWIFT_OPTIMIZATION_LEVEL = "-Owholemodule";
				VALIDATE_PRODUCT = YES;
			};
			name = Release;
		};
		8B4DDFC51E60C101004EFEE7 /* Debug */ = {
			isa = XCBuildConfiguration;
			baseConfigurationReference = 2E991364F70DBEB88A1D9E4F /* Pods-App_GaritosMadrid.debug.xcconfig */;
			buildSettings = {
				ASSETCATALOG_COMPILER_APPICON_NAME = AppIcon;
				CLANG_ENABLE_MODULES = YES;
				INFOPLIST_FILE = App_GaritosMadrid/Info.plist;
				LD_RUNPATH_SEARCH_PATHS = "$(inherited) @executable_path/Frameworks";
				PRODUCT_BUNDLE_IDENTIFIER = "com.es.CICE.App-GaritosMadrid";
				PRODUCT_NAME = "$(TARGET_NAME)";
				SWIFT_OBJC_BRIDGING_HEADER = "App_GaritosMadrid/App_GaritosMadrid-Bridging-Header.h";
				SWIFT_OPTIMIZATION_LEVEL = "-Onone";
				SWIFT_VERSION = 3.0;
			};
			name = Debug;
		};
		8B4DDFC61E60C101004EFEE7 /* Release */ = {
			isa = XCBuildConfiguration;
			baseConfigurationReference = 0E28DE38E12280689DCC3894 /* Pods-App_GaritosMadrid.release.xcconfig */;
			buildSettings = {
				ASSETCATALOG_COMPILER_APPICON_NAME = AppIcon;
				CLANG_ENABLE_MODULES = YES;
				INFOPLIST_FILE = App_GaritosMadrid/Info.plist;
				LD_RUNPATH_SEARCH_PATHS = "$(inherited) @executable_path/Frameworks";
				PRODUCT_BUNDLE_IDENTIFIER = "com.es.CICE.App-GaritosMadrid";
				PRODUCT_NAME = "$(TARGET_NAME)";
				SWIFT_OBJC_BRIDGING_HEADER = "App_GaritosMadrid/App_GaritosMadrid-Bridging-Header.h";
				SWIFT_VERSION = 3.0;
			};
			name = Release;
		};
/* End XCBuildConfiguration section */

/* Begin XCConfigurationList section */
		8B4DDFAD1E60C101004EFEE7 /* Build configuration list for PBXProject "App_GaritosMadrid" */ = {
			isa = XCConfigurationList;
			buildConfigurations = (
				8B4DDFC21E60C101004EFEE7 /* Debug */,
				8B4DDFC31E60C101004EFEE7 /* Release */,
			);
			defaultConfigurationIsVisible = 0;
			defaultConfigurationName = Release;
		};
		8B4DDFC41E60C101004EFEE7 /* Build configuration list for PBXNativeTarget "App_GaritosMadrid" */ = {
			isa = XCConfigurationList;
			buildConfigurations = (
				8B4DDFC51E60C101004EFEE7 /* Debug */,
				8B4DDFC61E60C101004EFEE7 /* Release */,
			);
			defaultConfigurationIsVisible = 0;
			defaultConfigurationName = Release;
		};
/* End XCConfigurationList section */
	};
	rootObject = 8B4DDFAA1E60C101004EFEE7 /* Project object */;
}
